
Microsoft Visual Studio Solution File, Format Version 12.00
# Visual Studio Version 16
VisualStudioVersion = 16.0.31205.134
MinimumVisualStudioVersion = 10.0.40219.1
Project("{FAE04EC0-301F-11D3-BF4B-00C04F79EFBC}") = "DailyReport", "DailyReport\DailyReport.csproj", "{7E5C69AC-3685-450C-8A83-342C73C6393B}"
EndProject
Global
	GlobalSection(SolutionConfigurationPlatforms) = preSolution
		Debug|Any CPU = Debug|Any CPU
		Release|Any CPU = Release|Any CPU
	EndGlobalSection
	GlobalSection(ProjectConfigurationPlatforms) = postSolution
		{7E5C69AC-3685-450C-8A83-342C73C6393B}.Debug|Any CPU.ActiveCfg = Debug|Any CPU
		{7E5C69AC-3685-450C-8A83-342C73C6393B}.Debug|Any CPU.Build.0 = Debug|Any CPU
		{7E5C69AC-3685-450C-8A83-342C73C6393B}.Release|Any CPU.ActiveCfg = Release|Any CPU
		{7E5C69AC-3685-450C-8A83-342C73C6393B}.Release|Any CPU.Build.0 = Release|Any CPU
	EndGlobalSection
	GlobalSection(SolutionProperties) = preSolution
		HideSolutionNode = FALSE
	EndGlobalSection
	GlobalSection(ExtensibilityGlobals) = postSolution
		SolutionGuid = {D400B89D-EE87-4943-A744-9DADEDD22278}
	EndGlobalSection
EndGlobal
