
Microsoft Visual Studio Solution File, Format Version 12.00
# Visual Studio Version 16
VisualStudioVersion = 16.0.31205.134
MinimumVisualStudioVersion = 10.0.40219.1
Project("{FAE04EC0-301F-11D3-BF4B-00C04F79EFBC}") = "Abstract", "Abstract\Abstract.csproj", "{F95C7FC9-8CE6-4AFA-9579-2DF614EAD1B6}"
EndProject
Global
	GlobalSection(SolutionConfigurationPlatforms) = preSolution
		Debug|Any CPU = Debug|Any CPU
		Release|Any CPU = Release|Any CPU
	EndGlobalSection
	GlobalSection(ProjectConfigurationPlatforms) = postSolution
		{F95C7FC9-8CE6-4AFA-9579-2DF614EAD1B6}.Debug|Any CPU.ActiveCfg = Debug|Any CPU
		{F95C7FC9-8CE6-4AFA-9579-2DF614EAD1B6}.Debug|Any CPU.Build.0 = Debug|Any CPU
		{F95C7FC9-8CE6-4AFA-9579-2DF614EAD1B6}.Release|Any CPU.ActiveCfg = Release|Any CPU
		{F95C7FC9-8CE6-4AFA-9579-2DF614EAD1B6}.Release|Any CPU.Build.0 = Release|Any CPU
	EndGlobalSection
	GlobalSection(SolutionProperties) = preSolution
		HideSolutionNode = FALSE
	EndGlobalSection
	GlobalSection(ExtensibilityGlobals) = postSolution
		SolutionGuid = {4711F227-F22C-47C0-823C-887E17B1451C}
	EndGlobalSection
EndGlobal
