
Microsoft Visual Studio Solution File, Format Version 12.00
# Visual Studio Version 16
VisualStudioVersion = 16.0.31205.134
MinimumVisualStudioVersion = 10.0.40219.1
Project("{FAE04EC0-301F-11D3-BF4B-00C04F79EFBC}") = "Lambda Expression", "Lambda Expression\Lambda Expression.csproj", "{F7019469-ACF4-486D-AF9D-D10F0584254D}"
EndProject
Global
	GlobalSection(SolutionConfigurationPlatforms) = preSolution
		Debug|Any CPU = Debug|Any CPU
		Release|Any CPU = Release|Any CPU
	EndGlobalSection
	GlobalSection(ProjectConfigurationPlatforms) = postSolution
		{F7019469-ACF4-486D-AF9D-D10F0584254D}.Debug|Any CPU.ActiveCfg = Debug|Any CPU
		{F7019469-ACF4-486D-AF9D-D10F0584254D}.Debug|Any CPU.Build.0 = Debug|Any CPU
		{F7019469-ACF4-486D-AF9D-D10F0584254D}.Release|Any CPU.ActiveCfg = Release|Any CPU
		{F7019469-ACF4-486D-AF9D-D10F0584254D}.Release|Any CPU.Build.0 = Release|Any CPU
	EndGlobalSection
	GlobalSection(SolutionProperties) = preSolution
		HideSolutionNode = FALSE
	EndGlobalSection
	GlobalSection(ExtensibilityGlobals) = postSolution
		SolutionGuid = {A2C91A25-0E51-48CC-B1DB-42C80C7B2857}
	EndGlobalSection
EndGlobal
