
Microsoft Visual Studio Solution File, Format Version 12.00
# Visual Studio Version 16
VisualStudioVersion = 16.0.31205.134
MinimumVisualStudioVersion = 10.0.40219.1
Project("{FAE04EC0-301F-11D3-BF4B-00C04F79EFBC}") = "OptionalParameter", "OptionalParameter\OptionalParameter.csproj", "{168B3D7B-B1D9-41AC-B30B-5E4E81E87E46}"
EndProject
Global
	GlobalSection(SolutionConfigurationPlatforms) = preSolution
		Debug|Any CPU = Debug|Any CPU
		Release|Any CPU = Release|Any CPU
	EndGlobalSection
	GlobalSection(ProjectConfigurationPlatforms) = postSolution
		{168B3D7B-B1D9-41AC-B30B-5E4E81E87E46}.Debug|Any CPU.ActiveCfg = Debug|Any CPU
		{168B3D7B-B1D9-41AC-B30B-5E4E81E87E46}.Debug|Any CPU.Build.0 = Debug|Any CPU
		{168B3D7B-B1D9-41AC-B30B-5E4E81E87E46}.Release|Any CPU.ActiveCfg = Release|Any CPU
		{168B3D7B-B1D9-41AC-B30B-5E4E81E87E46}.Release|Any CPU.Build.0 = Release|Any CPU
	EndGlobalSection
	GlobalSection(SolutionProperties) = preSolution
		HideSolutionNode = FALSE
	EndGlobalSection
	GlobalSection(ExtensibilityGlobals) = postSolution
		SolutionGuid = {B541DF8A-157E-4571-83C2-EF2376F348B2}
	EndGlobalSection
EndGlobal
